{
  "name": "simple-web-service-lambda",
  "version": "1.0.0",
  "lockfileVersion": 1,
  "requires": true,
  "dependencies": {
    "lambda-api": {
      "version": "0.10.0",
      "resolved": "https://registry.npmjs.org/lambda-api/-/lambda-api-0.10.0.tgz",
      "integrity": "sha512-NRsZE6PssFXSY7fp16TkqT9KNpBYn/4Lma2LVfERnzrooqeiLOyb7n6+dYYQqvbDu+qebQN1xhNxuyMjOuRkpw=="
    }
  }
}
